
Microsoft Visual Studio Solution File, Format Version 12.00
# Visual Studio Version 17
VisualStudioVersion = 17.5.33103.201
MinimumVisualStudioVersion = 10.0.40219.1
Project("{FAE04EC0-301F-11D3-BF4B-00C04F79EFBC}") = "ParcelHandling.Server", "ParcelHandling\Server\ParcelHandling.Server.csproj", "{7E2EC75E-3101-4DFB-B0FF-9ABE54DC1629}"
EndProject
Project("{FAE04EC0-301F-11D3-BF4B-00C04F79EFBC}") = "ParcelHandling.Client", "ParcelHandling\Client\ParcelHandling.Client.csproj", "{6F9943C8-70A0-4923-BD69-017BF61A854E}"
EndProject
Project("{FAE04EC0-301F-11D3-BF4B-00C04F79EFBC}") = "ParcelHandling.Shared", "ParcelHandling\Shared\ParcelHandling.Shared.csproj", "{BDA66691-EEC1-418F-B895-BBB2B621DFE0}"
EndProject
Global
	GlobalSection(SolutionConfigurationPlatforms) = preSolution
		Debug|Any CPU = Debug|Any CPU
		Release|Any CPU = Release|Any CPU
	EndGlobalSection
	GlobalSection(ProjectConfigurationPlatforms) = postSolution
		{7E2EC75E-3101-4DFB-B0FF-9ABE54DC1629}.Debug|Any CPU.ActiveCfg = Debug|Any CPU
		{7E2EC75E-3101-4DFB-B0FF-9ABE54DC1629}.Debug|Any CPU.Build.0 = Debug|Any CPU
		{7E2EC75E-3101-4DFB-B0FF-9ABE54DC1629}.Release|Any CPU.ActiveCfg = Release|Any CPU
		{7E2EC75E-3101-4DFB-B0FF-9ABE54DC1629}.Release|Any CPU.Build.0 = Release|Any CPU
		{6F9943C8-70A0-4923-BD69-017BF61A854E}.Debug|Any CPU.ActiveCfg = Debug|Any CPU
		{6F9943C8-70A0-4923-BD69-017BF61A854E}.Debug|Any CPU.Build.0 = Debug|Any CPU
		{6F9943C8-70A0-4923-BD69-017BF61A854E}.Release|Any CPU.ActiveCfg = Release|Any CPU
		{6F9943C8-70A0-4923-BD69-017BF61A854E}.Release|Any CPU.Build.0 = Release|Any CPU
		{BDA66691-EEC1-418F-B895-BBB2B621DFE0}.Debug|Any CPU.ActiveCfg = Debug|Any CPU
		{BDA66691-EEC1-418F-B895-BBB2B621DFE0}.Debug|Any CPU.Build.0 = Debug|Any CPU
		{BDA66691-EEC1-418F-B895-BBB2B621DFE0}.Release|Any CPU.ActiveCfg = Release|Any CPU
		{BDA66691-EEC1-418F-B895-BBB2B621DFE0}.Release|Any CPU.Build.0 = Release|Any CPU
	EndGlobalSection
	GlobalSection(SolutionProperties) = preSolution
		HideSolutionNode = FALSE
	EndGlobalSection
	GlobalSection(ExtensibilityGlobals) = postSolution
		SolutionGuid = {75EE62FF-380F-4276-BE66-CFB58C319F55}
	EndGlobalSection
EndGlobal
